# This file is automatically @generated by Cargo.
# It is not intended for manual editing.
version = 3

[[package]]
name = "libfuzzer-sys"
version = "0.4.9"

[[package]]
name = "volttrace"
version = "0.1.0"

[[package]]
name = "volttrace-fuzz"
version = "0.0.0"
dependencies = [
 "libfuzzer-sys",
 "volttrace",
]
